
Microsoft Visual Studio Solution File, Format Version 12.00
# Visual Studio Version 17
VisualStudioVersion = 17.5.002.0
MinimumVisualStudioVersion = 10.0.40219.1
Project("{9A19103F-16F7-4668-BE54-9A1E7A4F7556}") = "PasteleriaMendozaWeb", "PasteleriaMendozaWeb.csproj", "{F019F736-0CF3-4A02-ABD3-5A96B32CE0E2}"
EndProject
Global
	GlobalSection(SolutionConfigurationPlatforms) = preSolution
		Debug|Any CPU = Debug|Any CPU
		Release|Any CPU = Release|Any CPU
	EndGlobalSection
	GlobalSection(ProjectConfigurationPlatforms) = postSolution
		{F019F736-0CF3-4A02-ABD3-5A96B32CE0E2}.Debug|Any CPU.ActiveCfg = Debug|Any CPU
		{F019F736-0CF3-4A02-ABD3-5A96B32CE0E2}.Debug|Any CPU.Build.0 = Debug|Any CPU
		{F019F736-0CF3-4A02-ABD3-5A96B32CE0E2}.Release|Any CPU.ActiveCfg = Release|Any CPU
		{F019F736-0CF3-4A02-ABD3-5A96B32CE0E2}.Release|Any CPU.Build.0 = Release|Any CPU
	EndGlobalSection
	GlobalSection(SolutionProperties) = preSolution
		HideSolutionNode = FALSE
	EndGlobalSection
	GlobalSection(ExtensibilityGlobals) = postSolution
		SolutionGuid = {2620D863-F3C7-4F29-B213-5A876E5A1519}
	EndGlobalSection
EndGlobal
